
Microsoft Visual Studio Solution File, Format Version 12.00
# Visual Studio Version 17
VisualStudioVersion = 17.0.31903.59
MinimumVisualStudioVersion = 10.0.40219.1
Project("{FAE04EC0-301F-11D3-BF4B-00C04F79EFBC}") = "WebApplication1", "WebApplication1\WebApplication1.csproj", "{FFB90522-388C-40AE-83F0-04B22BAAC0FF}"
EndProject
Global
	GlobalSection(SolutionConfigurationPlatforms) = preSolution
		Debug|Any CPU = Debug|Any CPU
		Release|Any CPU = Release|Any CPU
	EndGlobalSection
	GlobalSection(ProjectConfigurationPlatforms) = postSolution
		{FFB90522-388C-40AE-83F0-04B22BAAC0FF}.Debug|Any CPU.ActiveCfg = Debug|Any CPU
		{FFB90522-388C-40AE-83F0-04B22BAAC0FF}.Debug|Any CPU.Build.0 = Debug|Any CPU
		{FFB90522-388C-40AE-83F0-04B22BAAC0FF}.Release|Any CPU.ActiveCfg = Release|Any CPU
		{FFB90522-388C-40AE-83F0-04B22BAAC0FF}.Release|Any CPU.Build.0 = Release|Any CPU
	EndGlobalSection
	GlobalSection(SolutionProperties) = preSolution
		HideSolutionNode = FALSE
	EndGlobalSection
	GlobalSection(ExtensibilityGlobals) = postSolution
		SolutionGuid = {10B5D72A-AC92-44D6-BE99-7F1A91FE8BFD}
	EndGlobalSection
EndGlobal
